// !$*UTF8*$!
{
	archiveVersion = 1;
	classes = {
	};
	objectVersion = 46;
	objects = {

/* Begin PBXBuildFile section */
		AD0196861DC838E100D6B51E /* Bolts.framework in Frameworks */ = {isa = PBXBuildFile; fileRef = AD0196821DC838E100D6B51E /* Bolts.framework */; };
		AD0196871DC838E100D6B51E /* FBSDKCoreKit.framework in Frameworks */ = {isa = PBXBuildFile; fileRef = AD0196831DC838E100D6B51E /* FBSDKCoreKit.framework */; };
		AD0196881DC838E100D6B51E /* FBSDKLoginKit.framework in Frameworks */ = {isa = PBXBuildFile; fileRef = AD0196841DC838E100D6B51E /* FBSDKLoginKit.framework */; };
		AD0196891DC838E100D6B51E /* FBSDKShareKit.framework in Frameworks */ = {isa = PBXBuildFile; fileRef = AD0196851DC838E100D6B51E /* FBSDKShareKit.framework */; };
		AD1C707F1DC5DECB001CF6EC /* AppDelegate.swift in Sources */ = {isa = PBXBuildFile; fileRef = AD1C707E1DC5DECB001CF6EC /* AppDelegate.swift */; };
		AD1C70811DC5DECB001CF6EC /* ViewController.swift in Sources */ = {isa = PBXBuildFile; fileRef = AD1C70801DC5DECB001CF6EC /* ViewController.swift */; };
		AD1C70861DC5DECB001CF6EC /* Assets.xcassets in Resources */ = {isa = PBXBuildFile; fileRef = AD1C70851DC5DECB001CF6EC /* Assets.xcassets */; };
		AD1C70891DC5DECB001CF6EC /* LaunchScreen.storyboard in Resources */ = {isa = PBXBuildFile; fileRef = AD1C70871DC5DECB001CF6EC /* LaunchScreen.storyboard */; };
		AD227AEC1DCF8233006287ED /* Social.framework in Frameworks */ = {isa = PBXBuildFile; fileRef = AD227AEB1DCF8233006287ED /* Social.framework */; };
/* End PBXBuildFile section */

/* Begin PBXCopyFilesBuildPhase section */
		AD227AE91DCF7DAA006287ED /* Embed App Extensions */ = {
			isa = PBXCopyFilesBuildPhase;
			buildActionMask = 2147483647;
			dstPath = "";
			dstSubfolderSpec = 13;
			files = (
			);
			name = "Embed App Extensions";
			runOnlyForDeploymentPostprocessing = 0;
		};
/* End PBXCopyFilesBuildPhase section */

/* Begin PBXFileReference section */
		AD0196821DC838E100D6B51E /* Bolts.framework */ = {isa = PBXFileReference; lastKnownFileType = wrapper.framework; name = Bolts.framework; path = IOS_FB_Feed/Bolts.framework; sourceTree = "<group>"; };
		AD0196831DC838E100D6B51E /* FBSDKCoreKit.framework */ = {isa = PBXFileReference; lastKnownFileType = wrapper.framework; name = FBSDKCoreKit.framework; path = IOS_FB_Feed/FBSDKCoreKit.framework; sourceTree = "<group>"; };
		AD0196841DC838E100D6B51E /* FBSDKLoginKit.framework */ = {isa = PBXFileReference; lastKnownFileType = wrapper.framework; name = FBSDKLoginKit.framework; path = IOS_FB_Feed/FBSDKLoginKit.framework; sourceTree = "<group>"; };
		AD0196851DC838E100D6B51E /* FBSDKShareKit.framework */ = {isa = PBXFileReference; lastKnownFileType = wrapper.framework; name = FBSDKShareKit.framework; path = IOS_FB_Feed/FBSDKShareKit.framework; sourceTree = "<group>"; };
		AD01968A1DC839BE00D6B51E /* IOS_FB_Feed-Bridging-Header.h */ = {isa = PBXFileReference; lastKnownFileType = sourcecode.c.h; path = "IOS_FB_Feed-Bridging-Header.h"; sourceTree = "<group>"; };
		AD01968E1DC84FC200D6B51E /* IOS_FB_Feed.entitlements */ = {isa = PBXFileReference; lastKnownFileType = text.plist.entitlements; path = IOS_FB_Feed.entitlements; sourceTree = "<group>"; };
		AD1C707B1DC5DECB001CF6EC /* IOS_FB_Feed.app */ = {isa = PBXFileReference; explicitFileType = wrapper.application; includeInIndex = 0; path = IOS_FB_Feed.app; sourceTree = BUILT_PRODUCTS_DIR; };
		AD1C707E1DC5DECB001CF6EC /* AppDelegate.swift */ = {isa = PBXFileReference; lastKnownFileType = sourcecode.swift; path = AppDelegate.swift; sourceTree = "<group>"; };
		AD1C70801DC5DECB001CF6EC /* ViewController.swift */ = {isa = PBXFileReference; lastKnownFileType = sourcecode.swift; path = ViewController.swift; sourceTree = "<group>"; };
		AD1C70851DC5DECB001CF6EC /* Assets.xcassets */ = {isa = PBXFileReference; lastKnownFileType = folder.assetcatalog; path = Assets.xcassets; sourceTree = "<group>"; };
		AD1C70881DC5DECB001CF6EC /* Base */ = {isa = PBXFileReference; lastKnownFileType = file.storyboard; name = Base; path = Base.lproj/LaunchScreen.storyboard; sourceTree = "<group>"; };
		AD1C708A1DC5DECB001CF6EC /* Info.plist */ = {isa = PBXFileReference; lastKnownFileType = text.plist.xml; path = Info.plist; sourceTree = "<group>"; };
		AD227AEB1DCF8233006287ED /* Social.framework */ = {isa = PBXFileReference; lastKnownFileType = wrapper.framework; name = Social.framework; path = System/Library/Frameworks/Social.framework; sourceTree = SDKROOT; };
/* End PBXFileReference section */

/* Begin PBXFrameworksBuildPhase section */
		AD1C70781DC5DECB001CF6EC /* Frameworks */ = {
			isa = PBXFrameworksBuildPhase;
			buildActionMask = 2147483647;
			files = (
				AD227AEC1DCF8233006287ED /* Social.framework in Frameworks */,
				AD0196891DC838E100D6B51E /* FBSDKShareKit.framework in Frameworks */,
				AD0196861DC838E100D6B51E /* Bolts.framework in Frameworks */,
				AD0196871DC838E100D6B51E /* FBSDKCoreKit.framework in Frameworks */,
				AD0196881DC838E100D6B51E /* FBSDKLoginKit.framework in Frameworks */,
			);
			runOnlyForDeploymentPostprocessing = 0;
		};
/* End PBXFrameworksBuildPhase section */

/* Begin PBXGroup section */
		AD1C70721DC5DECB001CF6EC = {
			isa = PBXGroup;
			children = (
				AD1C707D1DC5DECB001CF6EC /* IOS_FB_Feed */,
				AD1C707C1DC5DECB001CF6EC /* Products */,
				AD227AEA1DCF8233006287ED /* Frameworks */,
			);
			sourceTree = "<group>";
		};
		AD1C707C1DC5DECB001CF6EC /* Products */ = {
			isa = PBXGroup;
			children = (
				AD1C707B1DC5DECB001CF6EC /* IOS_FB_Feed.app */,
			);
			name = Products;
			sourceTree = "<group>";
		};
		AD1C707D1DC5DECB001CF6EC /* IOS_FB_Feed */ = {
			isa = PBXGroup;
			children = (
				AD01968E1DC84FC200D6B51E /* IOS_FB_Feed.entitlements */,
				AD1C707E1DC5DECB001CF6EC /* AppDelegate.swift */,
				AD1C70801DC5DECB001CF6EC /* ViewController.swift */,
				AD1C70851DC5DECB001CF6EC /* Assets.xcassets */,
				AD1C70871DC5DECB001CF6EC /* LaunchScreen.storyboard */,
				AD1C708A1DC5DECB001CF6EC /* Info.plist */,
				AD01968A1DC839BE00D6B51E /* IOS_FB_Feed-Bridging-Header.h */,
			);
			path = IOS_FB_Feed;
			sourceTree = "<group>";
		};
		AD227AEA1DCF8233006287ED /* Frameworks */ = {
			isa = PBXGroup;
			children = (
				AD0196821DC838E100D6B51E /* Bolts.framework */,
				AD0196831DC838E100D6B51E /* FBSDKCoreKit.framework */,
				AD0196841DC838E100D6B51E /* FBSDKLoginKit.framework */,
				AD0196851DC838E100D6B51E /* FBSDKShareKit.framework */,
				AD227AEB1DCF8233006287ED /* Social.framework */,
			);
			name = Frameworks;
			sourceTree = "<group>";
		};
/* End PBXGroup section */

/* Begin PBXNativeTarget section */
		AD1C707A1DC5DECB001CF6EC /* IOS_FB_Feed */ = {
			isa = PBXNativeTarget;
			buildConfigurationList = AD1C708D1DC5DECB001CF6EC /* Build configuration list for PBXNativeTarget "IOS_FB_Feed" */;
			buildPhases = (
				AD1C70771DC5DECB001CF6EC /* Sources */,
				AD1C70781DC5DECB001CF6EC /* Frameworks */,
				AD1C70791DC5DECB001CF6EC /* Resources */,
				AD227AE91DCF7DAA006287ED /* Embed App Extensions */,
			);
			buildRules = (
			);
			dependencies = (
			);
			name = IOS_FB_Feed;
			productName = IOS_FB_Feed;
			productReference = AD1C707B1DC5DECB001CF6EC /* IOS_FB_Feed.app */;
			productType = "com.apple.product-type.application";
		};
/* End PBXNativeTarget section */

/* Begin PBXProject section */
		AD1C70731DC5DECB001CF6EC /* Project object */ = {
			isa = PBXProject;
			attributes = {
				LastSwiftUpdateCheck = 0810;
				LastUpgradeCheck = 0810;
				ORGANIZATIONNAME = "Liu Jun Wei";
				TargetAttributes = {
					AD1C707A1DC5DECB001CF6EC = {
						CreatedOnToolsVersion = 8.1;
						DevelopmentTeam = 9MFRC52B8X;
						LastSwiftMigration = 0810;
						ProvisioningStyle = Automatic;
						SystemCapabilities = {
							com.apple.ApplicationGroups.iOS = {
								enabled = 1;
							};
							com.apple.Keychain = {
								enabled = 1;
							};
						};
					};
				};
			};
			buildConfigurationList = AD1C70761DC5DECB001CF6EC /* Build configuration list for PBXProject "IOS_FB_Feed" */;
			compatibilityVersion = "Xcode 3.2";
			developmentRegion = English;
			hasScannedForEncodings = 0;
			knownRegions = (
				en,
				Base,
			);
			mainGroup = AD1C70721DC5DECB001CF6EC;
			productRefGroup = AD1C707C1DC5DECB001CF6EC /* Products */;
			projectDirPath = "";
			projectRoot = "";
			targets = (
				AD1C707A1DC5DECB001CF6EC /* IOS_FB_Feed */,
			);
		};
/* End PBXProject section */

/* Begin PBXResourcesBuildPhase section */
		AD1C70791DC5DECB001CF6EC /* Resources */ = {
			isa = PBXResourcesBuildPhase;
			buildActionMask = 2147483647;
			files = (
				AD1C70891DC5DECB001CF6EC /* LaunchScreen.storyboard in Resources */,
				AD1C70861DC5DECB001CF6EC /* Assets.xcassets in Resources */,
			);
			runOnlyForDeploymentPostprocessing = 0;
		};
/* End PBXResourcesBuildPhase section */

/* Begin PBXSourcesBuildPhase section */
		AD1C70771DC5DECB001CF6EC /* Sources */ = {
			isa = PBXSourcesBuildPhase;
			buildActionMask = 2147483647;
			files = (
				AD1C70811DC5DECB001CF6EC /* ViewController.swift in Sources */,
				AD1C707F1DC5DECB001CF6EC /* AppDelegate.swift in Sources */,
			);
			runOnlyForDeploymentPostprocessing = 0;
		};
/* End PBXSourcesBuildPhase section */

/* Begin PBXVariantGroup section */
		AD1C70871DC5DECB001CF6EC /* LaunchScreen.storyboard */ = {
			isa = PBXVariantGroup;
			children = (
				AD1C70881DC5DECB001CF6EC /* Base */,
			);
			name = LaunchScreen.storyboard;
			sourceTree = "<group>";
		};
/* End PBXVariantGroup section */

/* Begin XCBuildConfiguration section */
		AD1C708B1DC5DECB001CF6EC /* Debug */ = {
			isa = XCBuildConfiguration;
			buildSettings = {
				ALWAYS_SEARCH_USER_PATHS = NO;
				CLANG_ANALYZER_NONNULL = YES;
				CLANG_CXX_LANGUAGE_STANDARD = "gnu++0x";
				CLANG_CXX_LIBRARY = "libc++";
				CLANG_ENABLE_MODULES = YES;
				CLANG_ENABLE_OBJC_ARC = YES;
				CLANG_WARN_BOOL_CONVERSION = YES;
				CLANG_WARN_CONSTANT_CONVERSION = YES;
				CLANG_WARN_DIRECT_OBJC_ISA_USAGE = YES_ERROR;
				CLANG_WARN_DOCUMENTATION_COMMENTS = YES;
				CLANG_WARN_EMPTY_BODY = YES;
				CLANG_WARN_ENUM_CONVERSION = YES;
				CLANG_WARN_INFINITE_RECURSION = YES;
				CLANG_WARN_INT_CONVERSION = YES;
				CLANG_WARN_OBJC_ROOT_CLASS = YES_ERROR;
				CLANG_WARN_SUSPICIOUS_MOVES = YES;
				CLANG_WARN_UNREACHABLE_CODE = YES;
				CLANG_WARN__DUPLICATE_METHOD_MATCH = YES;
				"CODE_SIGN_IDENTITY[sdk=iphoneos*]" = "iPhone Developer";
				COPY_PHASE_STRIP = NO;
				DEBUG_INFORMATION_FORMAT = dwarf;
				ENABLE_STRICT_OBJC_MSGSEND = YES;
				ENABLE_TESTABILITY = YES;
				GCC_C_LANGUAGE_STANDARD = gnu99;
				GCC_DYNAMIC_NO_PIC = NO;
				GCC_NO_COMMON_BLOCKS = YES;
				GCC_OPTIMIZATION_LEVEL = 0;
				GCC_PREPROCESSOR_DEFINITIONS = (
					"DEBUG=1",
					"$(inherited)",
				);
				GCC_WARN_64_TO_32_BIT_CONVERSION = YES;
				GCC_WARN_ABOUT_RETURN_TYPE = YES_ERROR;
				GCC_WARN_UNDECLARED_SELECTOR = YES;
				GCC_WARN_UNINITIALIZED_AUTOS = YES_AGGRESSIVE;
				GCC_WARN_UNUSED_FUNCTION = YES;
				GCC_WARN_UNUSED_VARIABLE = YES;
				IPHONEOS_DEPLOYMENT_TARGET = 10.1;
				MTL_ENABLE_DEBUG_INFO = YES;
				ONLY_ACTIVE_ARCH = YES;
				SDKROOT = iphoneos;
				SWIFT_ACTIVE_COMPILATION_CONDITIONS = DEBUG;
				SWIFT_OPTIMIZATION_LEVEL = "-Onone";
				TARGETED_DEVICE_FAMILY = "1,2";
			};
			name = Debug;
		};
		AD1C708C1DC5DECB001CF6EC /* Release */ = {
			isa = XCBuildConfiguration;
			buildSettings = {
				ALWAYS_SEARCH_USER_PATHS = NO;
				CLANG_ANALYZER_NONNULL = YES;
				CLANG_CXX_LANGUAGE_STANDARD = "gnu++0x";
				CLANG_CXX_LIBRARY = "libc++";
				CLANG_ENABLE_MODULES = YES;
				CLANG_ENABLE_OBJC_ARC = YES;
				CLANG_WARN_BOOL_CONVERSION = YES;
				CLANG_WARN_CONSTANT_CONVERSION = YES;
				CLANG_WARN_DIRECT_OBJC_ISA_USAGE = YES_ERROR;
				CLANG_WARN_DOCUMENTATION_COMMENTS = YES;
				CLANG_WARN_EMPTY_BODY = YES;
				CLANG_WARN_ENUM_CONVERSION = YES;
				CLANG_WARN_INFINITE_RECURSION = YES;
				CLANG_WARN_INT_CONVERSION = YES;
				CLANG_WARN_OBJC_ROOT_CLASS = YES_ERROR;
				CLANG_WARN_SUSPICIOUS_MOVES = YES;
				CLANG_WARN_UNREACHABLE_CODE = YES;
				CLANG_WARN__DUPLICATE_METHOD_MATCH = YES;
				"CODE_SIGN_IDENTITY[sdk=iphoneos*]" = "iPhone Developer";
				COPY_PHASE_STRIP = NO;
				DEBUG_INFORMATION_FORMAT = "dwarf-with-dsym";
				ENABLE_NS_ASSERTIONS = NO;
				ENABLE_STRICT_OBJC_MSGSEND = YES;
				GCC_C_LANGUAGE_STANDARD = gnu99;
				GCC_NO_COMMON_BLOCKS = YES;
				GCC_WARN_64_TO_32_BIT_CONVERSION = YES;
				GCC_WARN_ABOUT_RETURN_TYPE = YES_ERROR;
				GCC_WARN_UNDECLARED_SELECTOR = YES;
				GCC_WARN_UNINITIALIZED_AUTOS = YES_AGGRESSIVE;
				GCC_WARN_UNUSED_FUNCTION = YES;
				GCC_WARN_UNUSED_VARIABLE = YES;
				IPHONEOS_DEPLOYMENT_TARGET = 10.1;
				MTL_ENABLE_DEBUG_INFO = NO;
				SDKROOT = iphoneos;
				SWIFT_OPTIMIZATION_LEVEL = "-Owholemodule";
				TARGETED_DEVICE_FAMILY = "1,2";
				VALIDATE_PRODUCT = YES;
			};
			name = Release;
		};
		AD1C708E1DC5DECB001CF6EC /* Debug */ = {
			isa = XCBuildConfiguration;
			buildSettings = {
				ASSETCATALOG_COMPILER_APPICON_NAME = AppIcon;
				CLANG_ENABLE_MODULES = YES;
				CODE_SIGN_ENTITLEMENTS = IOS_FB_Feed/IOS_FB_Feed.entitlements;
				DEVELOPMENT_TEAM = 9MFRC52B8X;
				FRAMEWORK_SEARCH_PATHS = (
					"$(inherited)",
					"$(PROJECT_DIR)/IOS_FB_Feed",
				);
				INFOPLIST_FILE = IOS_FB_Feed/Info.plist;
				LD_RUNPATH_SEARCH_PATHS = "$(inherited) @executable_path/Frameworks";
				PRODUCT_BUNDLE_IDENTIFIER = "com.Subaru.IOS-FB-Feed";
				PRODUCT_NAME = "$(TARGET_NAME)";
				SWIFT_OBJC_BRIDGING_HEADER = "IOS_FB_Feed/IOS_FB_Feed-Bridging-Header.h";
				SWIFT_OPTIMIZATION_LEVEL = "-Onone";
				SWIFT_VERSION = 3.0;
			};
			name = Debug;
		};
		AD1C708F1DC5DECB001CF6EC /* Release */ = {
			isa = XCBuildConfiguration;
			buildSettings = {
				ASSETCATALOG_COMPILER_APPICON_NAME = AppIcon;
				CLANG_ENABLE_MODULES = YES;
				CODE_SIGN_ENTITLEMENTS = IOS_FB_Feed/IOS_FB_Feed.entitlements;
				DEVELOPMENT_TEAM = 9MFRC52B8X;
				FRAMEWORK_SEARCH_PATHS = (
					"$(inherited)",
					"$(PROJECT_DIR)/IOS_FB_Feed",
				);
				INFOPLIST_FILE = IOS_FB_Feed/Info.plist;
				LD_RUNPATH_SEARCH_PATHS = "$(inherited) @executable_path/Frameworks";
				PRODUCT_BUNDLE_IDENTIFIER = "com.Subaru.IOS-FB-Feed";
				PRODUCT_NAME = "$(TARGET_NAME)";
				SWIFT_OBJC_BRIDGING_HEADER = "IOS_FB_Feed/IOS_FB_Feed-Bridging-Header.h";
				SWIFT_VERSION = 3.0;
			};
			name = Release;
		};
/* End XCBuildConfiguration section */

/* Begin XCConfigurationList section */
		AD1C70761DC5DECB001CF6EC /* Build configuration list for PBXProject "IOS_FB_Feed" */ = {
			isa = XCConfigurationList;
			buildConfigurations = (
				AD1C708B1DC5DECB001CF6EC /* Debug */,
				AD1C708C1DC5DECB001CF6EC /* Release */,
			);
			defaultConfigurationIsVisible = 0;
			defaultConfigurationName = Release;
		};
		AD1C708D1DC5DECB001CF6EC /* Build configuration list for PBXNativeTarget "IOS_FB_Feed" */ = {
			isa = XCConfigurationList;
			buildConfigurations = (
				AD1C708E1DC5DECB001CF6EC /* Debug */,
				AD1C708F1DC5DECB001CF6EC /* Release */,
			);
			defaultConfigurationIsVisible = 0;
			defaultConfigurationName = Release;
		};
/* End XCConfigurationList section */
	};
	rootObject = AD1C70731DC5DECB001CF6EC /* Project object */;
}
